// !$*UTF8*$!
{
	archiveVersion = 1;
	classes = {
	};
	objectVersion = 50;
	objects = {

/* Begin PBXBuildFile section */
		1F1ADBC8217B994000F21668 /* GCDDataManager.swift in Sources */ = {isa = PBXBuildFile; fileRef = 1F1ADBC7217B994000F21668 /* GCDDataManager.swift */; };
		1F1ADBCA217B998300F21668 /* OperationDataManager.swift in Sources */ = {isa = PBXBuildFile; fileRef = 1F1ADBC9217B998300F21668 /* OperationDataManager.swift */; };
		1F1ADBCE217E41FA00F21668 /* ProfileDataManager.swift in Sources */ = {isa = PBXBuildFile; fileRef = 1F1ADBCD217E41FA00F21668 /* ProfileDataManager.swift */; };
		1F1ADBF12185C65A00F21668 /* ThemeDataManager.m in Sources */ = {isa = PBXBuildFile; fileRef = 1F1ADBF02185C65A00F21668 /* ThemeDataManager.m */; };
		1F21D92F2171394C00D76ECA /* ThemesViewController.m in Sources */ = {isa = PBXBuildFile; fileRef = 1F21D92D2171394C00D76ECA /* ThemesViewController.m */; };
		1F21D93221713A6800D76ECA /* Themes.m in Sources */ = {isa = PBXBuildFile; fileRef = 1F21D93121713A6800D76ECA /* Themes.m */; };
		1F9DF4C921596E8300A1EDC9 /* AppDelegate.swift in Sources */ = {isa = PBXBuildFile; fileRef = 1F9DF4C821596E8300A1EDC9 /* AppDelegate.swift */; };
		1F9DF4CB21596E8300A1EDC9 /* ProfileViewController.swift in Sources */ = {isa = PBXBuildFile; fileRef = 1F9DF4CA21596E8300A1EDC9 /* ProfileViewController.swift */; };
		1F9DF4CE21596E8300A1EDC9 /* Main.storyboard in Resources */ = {isa = PBXBuildFile; fileRef = 1F9DF4CC21596E8300A1EDC9 /* Main.storyboard */; };
		1F9DF4D021596EAE00A1EDC9 /* Assets.xcassets in Resources */ = {isa = PBXBuildFile; fileRef = 1F9DF4CF21596EAE00A1EDC9 /* Assets.xcassets */; };
		1F9DF4D321596EAF00A1EDC9 /* LaunchScreen.storyboard in Resources */ = {isa = PBXBuildFile; fileRef = 1F9DF4D121596EAF00A1EDC9 /* LaunchScreen.storyboard */; };
		1F9DF4DE21596EB000A1EDC9 /* TinkoffChatTests.swift in Sources */ = {isa = PBXBuildFile; fileRef = 1F9DF4DD21596EB000A1EDC9 /* TinkoffChatTests.swift */; };
		1F9DF4E921596EB000A1EDC9 /* TinkoffChatUITests.swift in Sources */ = {isa = PBXBuildFile; fileRef = 1F9DF4E821596EB000A1EDC9 /* TinkoffChatUITests.swift */; };
		1F9F44A02166B1A9006940C2 /* ConversationsListViewController.swift in Sources */ = {isa = PBXBuildFile; fileRef = 1F9F449F2166B1A9006940C2 /* ConversationsListViewController.swift */; };
		1F9F44A22166B570006940C2 /* ConversationsTableViewCell.swift in Sources */ = {isa = PBXBuildFile; fileRef = 1F9F44A12166B570006940C2 /* ConversationsTableViewCell.swift */; };
		1F9F44A4216BB063006940C2 /* ConversationCellConfiguration.swift in Sources */ = {isa = PBXBuildFile; fileRef = 1F9F44A3216BB063006940C2 /* ConversationCellConfiguration.swift */; };
		1F9F44A6216BB0BC006940C2 /* ConversationModel.swift in Sources */ = {isa = PBXBuildFile; fileRef = 1F9F44A5216BB0BC006940C2 /* ConversationModel.swift */; };
		1F9F44A8216BC272006940C2 /* ConversationViewController.swift in Sources */ = {isa = PBXBuildFile; fileRef = 1F9F44A7216BC272006940C2 /* ConversationViewController.swift */; };
		1F9F44B1216E9B53006940C2 /* MessageCellConfiguration.swift in Sources */ = {isa = PBXBuildFile; fileRef = 1F9F44B0216E9B53006940C2 /* MessageCellConfiguration.swift */; };
		1F9F44B3216E9B7F006940C2 /* MessageModel.swift in Sources */ = {isa = PBXBuildFile; fileRef = 1F9F44B2216E9B7F006940C2 /* MessageModel.swift */; };
		1F9F44B5216E9C83006940C2 /* IncomingMessageTableViewCell.swift in Sources */ = {isa = PBXBuildFile; fileRef = 1F9F44B4216E9C83006940C2 /* IncomingMessageTableViewCell.swift */; };
		1F9F44B7216E9C96006940C2 /* OutgoingMessageTableViewCell.swift in Sources */ = {isa = PBXBuildFile; fileRef = 1F9F44B6216E9C96006940C2 /* OutgoingMessageTableViewCell.swift */; };
/* End PBXBuildFile section */

/* Begin PBXContainerItemProxy section */
		1F9DF4DA21596EB000A1EDC9 /* PBXContainerItemProxy */ = {
			isa = PBXContainerItemProxy;
			containerPortal = 1F9DF4BD21596E8200A1EDC9 /* Project object */;
			proxyType = 1;
			remoteGlobalIDString = 1F9DF4C421596E8200A1EDC9;
			remoteInfo = TinkoffChat;
		};
		1F9DF4E521596EB000A1EDC9 /* PBXContainerItemProxy */ = {
			isa = PBXContainerItemProxy;
			containerPortal = 1F9DF4BD21596E8200A1EDC9 /* Project object */;
			proxyType = 1;
			remoteGlobalIDString = 1F9DF4C421596E8200A1EDC9;
			remoteInfo = TinkoffChat;
		};
/* End PBXContainerItemProxy section */

/* Begin PBXFileReference section */
		1F1ADBC7217B994000F21668 /* GCDDataManager.swift */ = {isa = PBXFileReference; lastKnownFileType = sourcecode.swift; path = GCDDataManager.swift; sourceTree = "<group>"; };
		1F1ADBC9217B998300F21668 /* OperationDataManager.swift */ = {isa = PBXFileReference; lastKnownFileType = sourcecode.swift; path = OperationDataManager.swift; sourceTree = "<group>"; };
		1F1ADBCD217E41FA00F21668 /* ProfileDataManager.swift */ = {isa = PBXFileReference; lastKnownFileType = sourcecode.swift; path = ProfileDataManager.swift; sourceTree = "<group>"; };
		1F1ADBEF2185C65A00F21668 /* ThemeDataManager.h */ = {isa = PBXFileReference; lastKnownFileType = sourcecode.c.h; path = ThemeDataManager.h; sourceTree = "<group>"; };
		1F1ADBF02185C65A00F21668 /* ThemeDataManager.m */ = {isa = PBXFileReference; lastKnownFileType = sourcecode.c.objc; path = ThemeDataManager.m; sourceTree = "<group>"; };
		1F21D92C2171394C00D76ECA /* ThemesViewController.h */ = {isa = PBXFileReference; fileEncoding = 4; lastKnownFileType = sourcecode.c.h; path = ThemesViewController.h; sourceTree = "<group>"; };
		1F21D92D2171394C00D76ECA /* ThemesViewController.m */ = {isa = PBXFileReference; fileEncoding = 4; lastKnownFileType = sourcecode.c.objc; path = ThemesViewController.m; sourceTree = "<group>"; };
		1F21D92E2171394C00D76ECA /* TinkoffChat-Bridging-Header.h */ = {isa = PBXFileReference; fileEncoding = 4; lastKnownFileType = sourcecode.c.h; path = "TinkoffChat-Bridging-Header.h"; sourceTree = "<group>"; };
		1F21D93021713A6800D76ECA /* Themes.h */ = {isa = PBXFileReference; lastKnownFileType = sourcecode.c.h; path = Themes.h; sourceTree = "<group>"; };
		1F21D93121713A6800D76ECA /* Themes.m */ = {isa = PBXFileReference; lastKnownFileType = sourcecode.c.objc; path = Themes.m; sourceTree = "<group>"; };
		1F21D93321713AFE00D76ECA /* ThemesViewControllerDelegate.h */ = {isa = PBXFileReference; lastKnownFileType = sourcecode.c.h; path = ThemesViewControllerDelegate.h; sourceTree = "<group>"; };
		1F9DF4C521596E8200A1EDC9 /* TinkoffChat.app */ = {isa = PBXFileReference; explicitFileType = wrapper.application; includeInIndex = 0; path = TinkoffChat.app; sourceTree = BUILT_PRODUCTS_DIR; };
		1F9DF4C821596E8300A1EDC9 /* AppDelegate.swift */ = {isa = PBXFileReference; lastKnownFileType = sourcecode.swift; path = AppDelegate.swift; sourceTree = "<group>"; };
		1F9DF4CA21596E8300A1EDC9 /* ProfileViewController.swift */ = {isa = PBXFileReference; lastKnownFileType = sourcecode.swift; path = ProfileViewController.swift; sourceTree = "<group>"; };
		1F9DF4CD21596E8300A1EDC9 /* Base */ = {isa = PBXFileReference; lastKnownFileType = file.storyboard; name = Base; path = Base.lproj/Main.storyboard; sourceTree = "<group>"; };
		1F9DF4CF21596EAE00A1EDC9 /* Assets.xcassets */ = {isa = PBXFileReference; lastKnownFileType = folder.assetcatalog; path = Assets.xcassets; sourceTree = "<group>"; };
		1F9DF4D221596EAF00A1EDC9 /* Base */ = {isa = PBXFileReference; lastKnownFileType = file.storyboard; name = Base; path = Base.lproj/LaunchScreen.storyboard; sourceTree = "<group>"; };
		1F9DF4D421596EAF00A1EDC9 /* Info.plist */ = {isa = PBXFileReference; lastKnownFileType = text.plist.xml; path = Info.plist; sourceTree = "<group>"; };
		1F9DF4D921596EB000A1EDC9 /* TinkoffChatTests.xctest */ = {isa = PBXFileReference; explicitFileType = wrapper.cfbundle; includeInIndex = 0; path = TinkoffChatTests.xctest; sourceTree = BUILT_PRODUCTS_DIR; };
		1F9DF4DD21596EB000A1EDC9 /* TinkoffChatTests.swift */ = {isa = PBXFileReference; lastKnownFileType = sourcecode.swift; path = TinkoffChatTests.swift; sourceTree = "<group>"; };
		1F9DF4DF21596EB000A1EDC9 /* Info.plist */ = {isa = PBXFileReference; lastKnownFileType = text.plist.xml; path = Info.plist; sourceTree = "<group>"; };
		1F9DF4E421596EB000A1EDC9 /* TinkoffChatUITests.xctest */ = {isa = PBXFileReference; explicitFileType = wrapper.cfbundle; includeInIndex = 0; path = TinkoffChatUITests.xctest; sourceTree = BUILT_PRODUCTS_DIR; };
		1F9DF4E821596EB000A1EDC9 /* TinkoffChatUITests.swift */ = {isa = PBXFileReference; lastKnownFileType = sourcecode.swift; path = TinkoffChatUITests.swift; sourceTree = "<group>"; };
		1F9DF4EA21596EB000A1EDC9 /* Info.plist */ = {isa = PBXFileReference; lastKnownFileType = text.plist.xml; path = Info.plist; sourceTree = "<group>"; };
		1F9F449F2166B1A9006940C2 /* ConversationsListViewController.swift */ = {isa = PBXFileReference; lastKnownFileType = sourcecode.swift; path = ConversationsListViewController.swift; sourceTree = "<group>"; };
		1F9F44A12166B570006940C2 /* ConversationsTableViewCell.swift */ = {isa = PBXFileReference; lastKnownFileType = sourcecode.swift; path = ConversationsTableViewCell.swift; sourceTree = "<group>"; };
		1F9F44A3216BB063006940C2 /* ConversationCellConfiguration.swift */ = {isa = PBXFileReference; lastKnownFileType = sourcecode.swift; path = ConversationCellConfiguration.swift; sourceTree = "<group>"; };
		1F9F44A5216BB0BC006940C2 /* ConversationModel.swift */ = {isa = PBXFileReference; lastKnownFileType = sourcecode.swift; path = ConversationModel.swift; sourceTree = "<group>"; };
		1F9F44A7216BC272006940C2 /* ConversationViewController.swift */ = {isa = PBXFileReference; lastKnownFileType = sourcecode.swift; path = ConversationViewController.swift; sourceTree = "<group>"; };
		1F9F44B0216E9B53006940C2 /* MessageCellConfiguration.swift */ = {isa = PBXFileReference; lastKnownFileType = sourcecode.swift; path = MessageCellConfiguration.swift; sourceTree = "<group>"; };
		1F9F44B2216E9B7F006940C2 /* MessageModel.swift */ = {isa = PBXFileReference; lastKnownFileType = sourcecode.swift; path = MessageModel.swift; sourceTree = "<group>"; };
		1F9F44B4216E9C83006940C2 /* IncomingMessageTableViewCell.swift */ = {isa = PBXFileReference; lastKnownFileType = sourcecode.swift; path = IncomingMessageTableViewCell.swift; sourceTree = "<group>"; };
		1F9F44B6216E9C96006940C2 /* OutgoingMessageTableViewCell.swift */ = {isa = PBXFileReference; lastKnownFileType = sourcecode.swift; path = OutgoingMessageTableViewCell.swift; sourceTree = "<group>"; };
/* End PBXFileReference section */

/* Begin PBXFrameworksBuildPhase section */
		1F9DF4C221596E8200A1EDC9 /* Frameworks */ = {
			isa = PBXFrameworksBuildPhase;
			buildActionMask = 2147483647;
			files = (
			);
			runOnlyForDeploymentPostprocessing = 0;
		};
		1F9DF4D621596EB000A1EDC9 /* Frameworks */ = {
			isa = PBXFrameworksBuildPhase;
			buildActionMask = 2147483647;
			files = (
			);
			runOnlyForDeploymentPostprocessing = 0;
		};
		1F9DF4E121596EB000A1EDC9 /* Frameworks */ = {
			isa = PBXFrameworksBuildPhase;
			buildActionMask = 2147483647;
			files = (
			);
			runOnlyForDeploymentPostprocessing = 0;
		};
/* End PBXFrameworksBuildPhase section */

/* Begin PBXGroup section */
		1F21D9202171373B00D76ECA /* Conversations List */ = {
			isa = PBXGroup;
			children = (
				1F9F449F2166B1A9006940C2 /* ConversationsListViewController.swift */,
				1F9F44A12166B570006940C2 /* ConversationsTableViewCell.swift */,
				1F9F44A3216BB063006940C2 /* ConversationCellConfiguration.swift */,
				1F9F44A5216BB0BC006940C2 /* ConversationModel.swift */,
			);
			path = "Conversations List";
			sourceTree = "<group>";
		};
		1F21D9212171377000D76ECA /* Themes */ = {
			isa = PBXGroup;
			children = (
				1F21D92C2171394C00D76ECA /* ThemesViewController.h */,
				1F21D92D2171394C00D76ECA /* ThemesViewController.m */,
				1F21D92E2171394C00D76ECA /* TinkoffChat-Bridging-Header.h */,
				1F21D93021713A6800D76ECA /* Themes.h */,
				1F21D93121713A6800D76ECA /* Themes.m */,
				1F21D93321713AFE00D76ECA /* ThemesViewControllerDelegate.h */,
				1F1ADBEF2185C65A00F21668 /* ThemeDataManager.h */,
				1F1ADBF02185C65A00F21668 /* ThemeDataManager.m */,
			);
			path = Themes;
			sourceTree = "<group>";
		};
		1F9DF4BC21596E8200A1EDC9 = {
			isa = PBXGroup;
			children = (
				1F9DF4C721596E8200A1EDC9 /* TinkoffChat */,
				1F9DF4DC21596EB000A1EDC9 /* TinkoffChatTests */,
				1F9DF4E721596EB000A1EDC9 /* TinkoffChatUITests */,
				1F9DF4C621596E8200A1EDC9 /* Products */,
			);
			sourceTree = "<group>";
		};
		1F9DF4C621596E8200A1EDC9 /* Products */ = {
			isa = PBXGroup;
			children = (
				1F9DF4C521596E8200A1EDC9 /* TinkoffChat.app */,
				1F9DF4D921596EB000A1EDC9 /* TinkoffChatTests.xctest */,
				1F9DF4E421596EB000A1EDC9 /* TinkoffChatUITests.xctest */,
			);
			name = Products;
			sourceTree = "<group>";
		};
		1F9DF4C721596E8200A1EDC9 /* TinkoffChat */ = {
			isa = PBXGroup;
			children = (
				1F21D9212171377000D76ECA /* Themes */,
				1F21D9202171373B00D76ECA /* Conversations List */,
				1F9F44AF216E9AEE006940C2 /* Conversation */,
				1F9DF4C821596E8300A1EDC9 /* AppDelegate.swift */,
				1F9DF4CA21596E8300A1EDC9 /* ProfileViewController.swift */,
				1F9DF4CC21596E8300A1EDC9 /* Main.storyboard */,
				1F9DF4CF21596EAE00A1EDC9 /* Assets.xcassets */,
				1F9DF4D121596EAF00A1EDC9 /* LaunchScreen.storyboard */,
				1F9DF4D421596EAF00A1EDC9 /* Info.plist */,
				1F1ADBC7217B994000F21668 /* GCDDataManager.swift */,
				1F1ADBC9217B998300F21668 /* OperationDataManager.swift */,
				1F1ADBCD217E41FA00F21668 /* ProfileDataManager.swift */,
			);
			path = TinkoffChat;
			sourceTree = "<group>";
		};
		1F9DF4DC21596EB000A1EDC9 /* TinkoffChatTests */ = {
			isa = PBXGroup;
			children = (
				1F9DF4DD21596EB000A1EDC9 /* TinkoffChatTests.swift */,
				1F9DF4DF21596EB000A1EDC9 /* Info.plist */,
			);
			path = TinkoffChatTests;
			sourceTree = "<group>";
		};
		1F9DF4E721596EB000A1EDC9 /* TinkoffChatUITests */ = {
			isa = PBXGroup;
			children = (
				1F9DF4E821596EB000A1EDC9 /* TinkoffChatUITests.swift */,
				1F9DF4EA21596EB000A1EDC9 /* Info.plist */,
			);
			path = TinkoffChatUITests;
			sourceTree = "<group>";
		};
		1F9F44AF216E9AEE006940C2 /* Conversation */ = {
			isa = PBXGroup;
			children = (
				1F9F44A7216BC272006940C2 /* ConversationViewController.swift */,
				1F9F44B0216E9B53006940C2 /* MessageCellConfiguration.swift */,
				1F9F44B2216E9B7F006940C2 /* MessageModel.swift */,
				1F9F44B4216E9C83006940C2 /* IncomingMessageTableViewCell.swift */,
				1F9F44B6216E9C96006940C2 /* OutgoingMessageTableViewCell.swift */,
			);
			path = Conversation;
			sourceTree = "<group>";
		};
/* End PBXGroup section */

/* Begin PBXNativeTarget section */
		1F9DF4C421596E8200A1EDC9 /* TinkoffChat */ = {
			isa = PBXNativeTarget;
			buildConfigurationList = 1F9DF4ED21596EB000A1EDC9 /* Build configuration list for PBXNativeTarget "TinkoffChat" */;
			buildPhases = (
				1F9DF4C121596E8200A1EDC9 /* Sources */,
				1F9DF4C221596E8200A1EDC9 /* Frameworks */,
				1F9DF4C321596E8200A1EDC9 /* Resources */,
			);
			buildRules = (
			);
			dependencies = (
			);
			name = TinkoffChat;
			productName = TinkoffChat;
			productReference = 1F9DF4C521596E8200A1EDC9 /* TinkoffChat.app */;
			productType = "com.apple.product-type.application";
		};
		1F9DF4D821596EB000A1EDC9 /* TinkoffChatTests */ = {
			isa = PBXNativeTarget;
			buildConfigurationList = 1F9DF4F021596EB000A1EDC9 /* Build configuration list for PBXNativeTarget "TinkoffChatTests" */;
			buildPhases = (
				1F9DF4D521596EB000A1EDC9 /* Sources */,
				1F9DF4D621596EB000A1EDC9 /* Frameworks */,
				1F9DF4D721596EB000A1EDC9 /* Resources */,
			);
			buildRules = (
			);
			dependencies = (
				1F9DF4DB21596EB000A1EDC9 /* PBXTargetDependency */,
			);
			name = TinkoffChatTests;
			productName = TinkoffChatTests;
			productReference = 1F9DF4D921596EB000A1EDC9 /* TinkoffChatTests.xctest */;
			productType = "com.apple.product-type.bundle.unit-test";
		};
		1F9DF4E321596EB000A1EDC9 /* TinkoffChatUITests */ = {
			isa = PBXNativeTarget;
			buildConfigurationList = 1F9DF4F321596EB000A1EDC9 /* Build configuration list for PBXNativeTarget "TinkoffChatUITests" */;
			buildPhases = (
				1F9DF4E021596EB000A1EDC9 /* Sources */,
				1F9DF4E121596EB000A1EDC9 /* Frameworks */,
				1F9DF4E221596EB000A1EDC9 /* Resources */,
			);
			buildRules = (
			);
			dependencies = (
				1F9DF4E621596EB000A1EDC9 /* PBXTargetDependency */,
			);
			name = TinkoffChatUITests;
			productName = TinkoffChatUITests;
			productReference = 1F9DF4E421596EB000A1EDC9 /* TinkoffChatUITests.xctest */;
			productType = "com.apple.product-type.bundle.ui-testing";
		};
/* End PBXNativeTarget section */

/* Begin PBXProject section */
		1F9DF4BD21596E8200A1EDC9 /* Project object */ = {
			isa = PBXProject;
			attributes = {
				LastSwiftUpdateCheck = 1000;
				LastUpgradeCheck = 1000;
				ORGANIZATIONNAME = Aleksandr;
				TargetAttributes = {
					1F9DF4C421596E8200A1EDC9 = {
						CreatedOnToolsVersion = 10.0;
						LastSwiftMigration = 1000;
					};
					1F9DF4D821596EB000A1EDC9 = {
						CreatedOnToolsVersion = 10.0;
						TestTargetID = 1F9DF4C421596E8200A1EDC9;
					};
					1F9DF4E321596EB000A1EDC9 = {
						CreatedOnToolsVersion = 10.0;
						TestTargetID = 1F9DF4C421596E8200A1EDC9;
					};
				};
			};
			buildConfigurationList = 1F9DF4C021596E8200A1EDC9 /* Build configuration list for PBXProject "TinkoffChat" */;
			compatibilityVersion = "Xcode 9.3";
			developmentRegion = en;
			hasScannedForEncodings = 0;
			knownRegions = (
				en,
				Base,
			);
			mainGroup = 1F9DF4BC21596E8200A1EDC9;
			productRefGroup = 1F9DF4C621596E8200A1EDC9 /* Products */;
			projectDirPath = "";
			projectRoot = "";
			targets = (
				1F9DF4C421596E8200A1EDC9 /* TinkoffChat */,
				1F9DF4D821596EB000A1EDC9 /* TinkoffChatTests */,
				1F9DF4E321596EB000A1EDC9 /* TinkoffChatUITests */,
			);
		};
/* End PBXProject section */

/* Begin PBXResourcesBuildPhase section */
		1F9DF4C321596E8200A1EDC9 /* Resources */ = {
			isa = PBXResourcesBuildPhase;
			buildActionMask = 2147483647;
			files = (
				1F9DF4D321596EAF00A1EDC9 /* LaunchScreen.storyboard in Resources */,
				1F9DF4D021596EAE00A1EDC9 /* Assets.xcassets in Resources */,
				1F9DF4CE21596E8300A1EDC9 /* Main.storyboard in Resources */,
			);
			runOnlyForDeploymentPostprocessing = 0;
		};
		1F9DF4D721596EB000A1EDC9 /* Resources */ = {
			isa = PBXResourcesBuildPhase;
			buildActionMask = 2147483647;
			files = (
			);
			runOnlyForDeploymentPostprocessing = 0;
		};
		1F9DF4E221596EB000A1EDC9 /* Resources */ = {
			isa = PBXResourcesBuildPhase;
			buildActionMask = 2147483647;
			files = (
			);
			runOnlyForDeploymentPostprocessing = 0;
		};
/* End PBXResourcesBuildPhase section */

/* Begin PBXSourcesBuildPhase section */
		1F9DF4C121596E8200A1EDC9 /* Sources */ = {
			isa = PBXSourcesBuildPhase;
			buildActionMask = 2147483647;
			files = (
				1F9F44A8216BC272006940C2 /* ConversationViewController.swift in Sources */,
				1F9F44A22166B570006940C2 /* ConversationsTableViewCell.swift in Sources */,
				1F21D92F2171394C00D76ECA /* ThemesViewController.m in Sources */,
				1F9DF4CB21596E8300A1EDC9 /* ProfileViewController.swift in Sources */,
				1F1ADBC8217B994000F21668 /* GCDDataManager.swift in Sources */,
				1F9F44B1216E9B53006940C2 /* MessageCellConfiguration.swift in Sources */,
				1F9DF4C921596E8300A1EDC9 /* AppDelegate.swift in Sources */,
				1F9F44A4216BB063006940C2 /* ConversationCellConfiguration.swift in Sources */,
				1F21D93221713A6800D76ECA /* Themes.m in Sources */,
				1F1ADBCE217E41FA00F21668 /* ProfileDataManager.swift in Sources */,
				1F9F44B5216E9C83006940C2 /* IncomingMessageTableViewCell.swift in Sources */,
				1F9F44B3216E9B7F006940C2 /* MessageModel.swift in Sources */,
				1F1ADBF12185C65A00F21668 /* ThemeDataManager.m in Sources */,
				1F1ADBCA217B998300F21668 /* OperationDataManager.swift in Sources */,
				1F9F44B7216E9C96006940C2 /* OutgoingMessageTableViewCell.swift in Sources */,
				1F9F44A6216BB0BC006940C2 /* ConversationModel.swift in Sources */,
				1F9F44A02166B1A9006940C2 /* ConversationsListViewController.swift in Sources */,
			);
			runOnlyForDeploymentPostprocessing = 0;
		};
		1F9DF4D521596EB000A1EDC9 /* Sources */ = {
			isa = PBXSourcesBuildPhase;
			buildActionMask = 2147483647;
			files = (
				1F9DF4DE21596EB000A1EDC9 /* TinkoffChatTests.swift in Sources */,
			);
			runOnlyForDeploymentPostprocessing = 0;
		};
		1F9DF4E021596EB000A1EDC9 /* Sources */ = {
			isa = PBXSourcesBuildPhase;
			buildActionMask = 2147483647;
			files = (
				1F9DF4E921596EB000A1EDC9 /* TinkoffChatUITests.swift in Sources */,
			);
			runOnlyForDeploymentPostprocessing = 0;
		};
/* End PBXSourcesBuildPhase section */

/* Begin PBXTargetDependency section */
		1F9DF4DB21596EB000A1EDC9 /* PBXTargetDependency */ = {
			isa = PBXTargetDependency;
			target = 1F9DF4C421596E8200A1EDC9 /* TinkoffChat */;
			targetProxy = 1F9DF4DA21596EB000A1EDC9 /* PBXContainerItemProxy */;
		};
		1F9DF4E621596EB000A1EDC9 /* PBXTargetDependency */ = {
			isa = PBXTargetDependency;
			target = 1F9DF4C421596E8200A1EDC9 /* TinkoffChat */;
			targetProxy = 1F9DF4E521596EB000A1EDC9 /* PBXContainerItemProxy */;
		};
/* End PBXTargetDependency section */

/* Begin PBXVariantGroup section */
		1F9DF4CC21596E8300A1EDC9 /* Main.storyboard */ = {
			isa = PBXVariantGroup;
			children = (
				1F9DF4CD21596E8300A1EDC9 /* Base */,
			);
			name = Main.storyboard;
			sourceTree = "<group>";
		};
		1F9DF4D121596EAF00A1EDC9 /* LaunchScreen.storyboard */ = {
			isa = PBXVariantGroup;
			children = (
				1F9DF4D221596EAF00A1EDC9 /* Base */,
			);
			name = LaunchScreen.storyboard;
			sourceTree = "<group>";
		};
/* End PBXVariantGroup section */

/* Begin XCBuildConfiguration section */
		1F9DF4EB21596EB000A1EDC9 /* Debug */ = {
			isa = XCBuildConfiguration;
			buildSettings = {
				ALWAYS_SEARCH_USER_PATHS = NO;
				CLANG_ANALYZER_NONNULL = YES;
				CLANG_ANALYZER_NUMBER_OBJECT_CONVERSION = YES_AGGRESSIVE;
				CLANG_CXX_LANGUAGE_STANDARD = "gnu++14";
				CLANG_CXX_LIBRARY = "libc++";
				CLANG_ENABLE_MODULES = YES;
				CLANG_ENABLE_OBJC_ARC = YES;
				CLANG_ENABLE_OBJC_WEAK = YES;
				CLANG_WARN_BLOCK_CAPTURE_AUTORELEASING = YES;
				CLANG_WARN_BOOL_CONVERSION = YES;
				CLANG_WARN_COMMA = YES;
				CLANG_WARN_CONSTANT_CONVERSION = YES;
				CLANG_WARN_DEPRECATED_OBJC_IMPLEMENTATIONS = YES;
				CLANG_WARN_DIRECT_OBJC_ISA_USAGE = YES_ERROR;
				CLANG_WARN_DOCUMENTATION_COMMENTS = YES;
				CLANG_WARN_EMPTY_BODY = YES;
				CLANG_WARN_ENUM_CONVERSION = YES;
				CLANG_WARN_INFINITE_RECURSION = YES;
				CLANG_WARN_INT_CONVERSION = YES;
				CLANG_WARN_NON_LITERAL_NULL_CONVERSION = YES;
				CLANG_WARN_OBJC_IMPLICIT_RETAIN_SELF = YES;
				CLANG_WARN_OBJC_LITERAL_CONVERSION = YES;
				CLANG_WARN_OBJC_ROOT_CLASS = YES_ERROR;
				CLANG_WARN_RANGE_LOOP_ANALYSIS = YES;
				CLANG_WARN_STRICT_PROTOTYPES = YES;
				CLANG_WARN_SUSPICIOUS_MOVE = YES;
				CLANG_WARN_UNGUARDED_AVAILABILITY = YES_AGGRESSIVE;
				CLANG_WARN_UNREACHABLE_CODE = YES;
				CLANG_WARN__DUPLICATE_METHOD_MATCH = YES;
				CODE_SIGN_IDENTITY = "iPhone Developer";
				COPY_PHASE_STRIP = NO;
				DEBUG_INFORMATION_FORMAT = dwarf;
				ENABLE_STRICT_OBJC_MSGSEND = YES;
				ENABLE_TESTABILITY = YES;
				GCC_C_LANGUAGE_STANDARD = gnu11;
				GCC_DYNAMIC_NO_PIC = NO;
				GCC_NO_COMMON_BLOCKS = YES;
				GCC_OPTIMIZATION_LEVEL = 0;
				GCC_PREPROCESSOR_DEFINITIONS = (
					"DEBUG=1",
					"$(inherited)",
				);
				GCC_WARN_64_TO_32_BIT_CONVERSION = YES;
				GCC_WARN_ABOUT_RETURN_TYPE = YES_ERROR;
				GCC_WARN_UNDECLARED_SELECTOR = YES;
				GCC_WARN_UNINITIALIZED_AUTOS = YES_AGGRESSIVE;
				GCC_WARN_UNUSED_FUNCTION = YES;
				GCC_WARN_UNUSED_VARIABLE = YES;
				IPHONEOS_DEPLOYMENT_TARGET = 12.0;
				MTL_ENABLE_DEBUG_INFO = INCLUDE_SOURCE;
				MTL_FAST_MATH = YES;
				ONLY_ACTIVE_ARCH = YES;
				SDKROOT = iphoneos;
				SWIFT_ACTIVE_COMPILATION_CONDITIONS = DEBUG;
				SWIFT_OPTIMIZATION_LEVEL = "-Onone";
			};
			name = Debug;
		};
		1F9DF4EC21596EB000A1EDC9 /* Release */ = {
			isa = XCBuildConfiguration;
			buildSettings = {
				ALWAYS_SEARCH_USER_PATHS = NO;
				CLANG_ANALYZER_NONNULL = YES;
				CLANG_ANALYZER_NUMBER_OBJECT_CONVERSION = YES_AGGRESSIVE;
				CLANG_CXX_LANGUAGE_STANDARD = "gnu++14";
				CLANG_CXX_LIBRARY = "libc++";
				CLANG_ENABLE_MODULES = YES;
				CLANG_ENABLE_OBJC_ARC = YES;
				CLANG_ENABLE_OBJC_WEAK = YES;
				CLANG_WARN_BLOCK_CAPTURE_AUTORELEASING = YES;
				CLANG_WARN_BOOL_CONVERSION = YES;
				CLANG_WARN_COMMA = YES;
				CLANG_WARN_CONSTANT_CONVERSION = YES;
				CLANG_WARN_DEPRECATED_OBJC_IMPLEMENTATIONS = YES;
				CLANG_WARN_DIRECT_OBJC_ISA_USAGE = YES_ERROR;
				CLANG_WARN_DOCUMENTATION_COMMENTS = YES;
				CLANG_WARN_EMPTY_BODY = YES;
				CLANG_WARN_ENUM_CONVERSION = YES;
				CLANG_WARN_INFINITE_RECURSION = YES;
				CLANG_WARN_INT_CONVERSION = YES;
				CLANG_WARN_NON_LITERAL_NULL_CONVERSION = YES;
				CLANG_WARN_OBJC_IMPLICIT_RETAIN_SELF = YES;
				CLANG_WARN_OBJC_LITERAL_CONVERSION = YES;
				CLANG_WARN_OBJC_ROOT_CLASS = YES_ERROR;
				CLANG_WARN_RANGE_LOOP_ANALYSIS = YES;
				CLANG_WARN_STRICT_PROTOTYPES = YES;
				CLANG_WARN_SUSPICIOUS_MOVE = YES;
				CLANG_WARN_UNGUARDED_AVAILABILITY = YES_AGGRESSIVE;
				CLANG_WARN_UNREACHABLE_CODE = YES;
				CLANG_WARN__DUPLICATE_METHOD_MATCH = YES;
				CODE_SIGN_IDENTITY = "iPhone Developer";
				COPY_PHASE_STRIP = NO;
				DEBUG_INFORMATION_FORMAT = "dwarf-with-dsym";
				ENABLE_NS_ASSERTIONS = NO;
				ENABLE_STRICT_OBJC_MSGSEND = YES;
				GCC_C_LANGUAGE_STANDARD = gnu11;
				GCC_NO_COMMON_BLOCKS = YES;
				GCC_WARN_64_TO_32_BIT_CONVERSION = YES;
				GCC_WARN_ABOUT_RETURN_TYPE = YES_ERROR;
				GCC_WARN_UNDECLARED_SELECTOR = YES;
				GCC_WARN_UNINITIALIZED_AUTOS = YES_AGGRESSIVE;
				GCC_WARN_UNUSED_FUNCTION = YES;
				GCC_WARN_UNUSED_VARIABLE = YES;
				IPHONEOS_DEPLOYMENT_TARGET = 12.0;
				MTL_ENABLE_DEBUG_INFO = NO;
				MTL_FAST_MATH = YES;
				SDKROOT = iphoneos;
				SWIFT_COMPILATION_MODE = wholemodule;
				SWIFT_OPTIMIZATION_LEVEL = "-O";
				VALIDATE_PRODUCT = YES;
			};
			name = Release;
		};
		1F9DF4EE21596EB000A1EDC9 /* Debug */ = {
			isa = XCBuildConfiguration;
			buildSettings = {
				ASSETCATALOG_COMPILER_APPICON_NAME = AppIcon;
				CLANG_ENABLE_MODULES = YES;
				CLANG_ENABLE_OBJC_ARC = YES;
				CODE_SIGN_IDENTITY = "iPhone Developer";
				CODE_SIGN_STYLE = Automatic;
				DEVELOPMENT_TEAM = "";
				INFOPLIST_FILE = TinkoffChat/Info.plist;
				IPHONEOS_DEPLOYMENT_TARGET = 11.0;
				LD_RUNPATH_SEARCH_PATHS = (
					"$(inherited)",
					"@executable_path/Frameworks",
				);
				PRODUCT_BUNDLE_IDENTIFIER = AA.TinkoffChat;
				PRODUCT_NAME = "$(TARGET_NAME)";
				PROVISIONING_PROFILE_SPECIFIER = "";
				SWIFT_OBJC_BRIDGING_HEADER = "TinkoffChat/Themes/TinkoffChat-Bridging-Header.h";
				SWIFT_OPTIMIZATION_LEVEL = "-Onone";
				SWIFT_VERSION = 4.2;
				TARGETED_DEVICE_FAMILY = 1;
			};
			name = Debug;
		};
		1F9DF4EF21596EB000A1EDC9 /* Release */ = {
			isa = XCBuildConfiguration;
			buildSettings = {
				ASSETCATALOG_COMPILER_APPICON_NAME = AppIcon;
				CLANG_ENABLE_MODULES = YES;
				CLANG_ENABLE_OBJC_ARC = YES;
				CODE_SIGN_IDENTITY = "iPhone Developer";
				CODE_SIGN_STYLE = Automatic;
				DEVELOPMENT_TEAM = "";
				INFOPLIST_FILE = TinkoffChat/Info.plist;
				IPHONEOS_DEPLOYMENT_TARGET = 11.0;
				LD_RUNPATH_SEARCH_PATHS = (
					"$(inherited)",
					"@executable_path/Frameworks",
				);
				PRODUCT_BUNDLE_IDENTIFIER = AA.TinkoffChat;
				PRODUCT_NAME = "$(TARGET_NAME)";
				PROVISIONING_PROFILE_SPECIFIER = "";
				SWIFT_OBJC_BRIDGING_HEADER = "TinkoffChat/Themes/TinkoffChat-Bridging-Header.h";
				SWIFT_VERSION = 4.2;
				TARGETED_DEVICE_FAMILY = 1;
			};
			name = Release;
		};
		1F9DF4F121596EB000A1EDC9 /* Debug */ = {
			isa = XCBuildConfiguration;
			buildSettings = {
				ALWAYS_EMBED_SWIFT_STANDARD_LIBRARIES = YES;
				BUNDLE_LOADER = "$(TEST_HOST)";
				CODE_SIGN_STYLE = Automatic;
				INFOPLIST_FILE = TinkoffChatTests/Info.plist;
				LD_RUNPATH_SEARCH_PATHS = (
					"$(inherited)",
					"@executable_path/Frameworks",
					"@loader_path/Frameworks",
				);
				PRODUCT_BUNDLE_IDENTIFIER = AA.TinkoffChatTests;
				PRODUCT_NAME = "$(TARGET_NAME)";
				SWIFT_VERSION = 4.2;
				TARGETED_DEVICE_FAMILY = "1,2";
				TEST_HOST = "$(BUILT_PRODUCTS_DIR)/TinkoffChat.app/TinkoffChat";
			};
			name = Debug;
		};
		1F9DF4F221596EB000A1EDC9 /* Release */ = {
			isa = XCBuildConfiguration;
			buildSettings = {
				ALWAYS_EMBED_SWIFT_STANDARD_LIBRARIES = YES;
				BUNDLE_LOADER = "$(TEST_HOST)";
				CODE_SIGN_STYLE = Automatic;
				INFOPLIST_FILE = TinkoffChatTests/Info.plist;
				LD_RUNPATH_SEARCH_PATHS = (
					"$(inherited)",
					"@executable_path/Frameworks",
					"@loader_path/Frameworks",
				);
				PRODUCT_BUNDLE_IDENTIFIER = AA.TinkoffChatTests;
				PRODUCT_NAME = "$(TARGET_NAME)";
				SWIFT_VERSION = 4.2;
				TARGETED_DEVICE_FAMILY = "1,2";
				TEST_HOST = "$(BUILT_PRODUCTS_DIR)/TinkoffChat.app/TinkoffChat";
			};
			name = Release;
		};
		1F9DF4F421596EB000A1EDC9 /* Debug */ = {
			isa = XCBuildConfiguration;
			buildSettings = {
				ALWAYS_EMBED_SWIFT_STANDARD_LIBRARIES = YES;
				CODE_SIGN_STYLE = Automatic;
				INFOPLIST_FILE = TinkoffChatUITests/Info.plist;
				LD_RUNPATH_SEARCH_PATHS = (
					"$(inherited)",
					"@executable_path/Frameworks",
					"@loader_path/Frameworks",
				);
				PRODUCT_BUNDLE_IDENTIFIER = AA.TinkoffChatUITests;
				PRODUCT_NAME = "$(TARGET_NAME)";
				SWIFT_VERSION = 4.2;
				TARGETED_DEVICE_FAMILY = "1,2";
				TEST_TARGET_NAME = TinkoffChat;
			};
			name = Debug;
		};
		1F9DF4F521596EB000A1EDC9 /* Release */ = {
			isa = XCBuildConfiguration;
			buildSettings = {
				ALWAYS_EMBED_SWIFT_STANDARD_LIBRARIES = YES;
				CODE_SIGN_STYLE = Automatic;
				INFOPLIST_FILE = TinkoffChatUITests/Info.plist;
				LD_RUNPATH_SEARCH_PATHS = (
					"$(inherited)",
					"@executable_path/Frameworks",
					"@loader_path/Frameworks",
				);
				PRODUCT_BUNDLE_IDENTIFIER = AA.TinkoffChatUITests;
				PRODUCT_NAME = "$(TARGET_NAME)";
				SWIFT_VERSION = 4.2;
				TARGETED_DEVICE_FAMILY = "1,2";
				TEST_TARGET_NAME = TinkoffChat;
			};
			name = Release;
		};
/* End XCBuildConfiguration section */

/* Begin XCConfigurationList section */
		1F9DF4C021596E8200A1EDC9 /* Build configuration list for PBXProject "TinkoffChat" */ = {
			isa = XCConfigurationList;
			buildConfigurations = (
				1F9DF4EB21596EB000A1EDC9 /* Debug */,
				1F9DF4EC21596EB000A1EDC9 /* Release */,
			);
			defaultConfigurationIsVisible = 0;
			defaultConfigurationName = Release;
		};
		1F9DF4ED21596EB000A1EDC9 /* Build configuration list for PBXNativeTarget "TinkoffChat" */ = {
			isa = XCConfigurationList;
			buildConfigurations = (
				1F9DF4EE21596EB000A1EDC9 /* Debug */,
				1F9DF4EF21596EB000A1EDC9 /* Release */,
			);
			defaultConfigurationIsVisible = 0;
			defaultConfigurationName = Release;
		};
		1F9DF4F021596EB000A1EDC9 /* Build configuration list for PBXNativeTarget "TinkoffChatTests" */ = {
			isa = XCConfigurationList;
			buildConfigurations = (
				1F9DF4F121596EB000A1EDC9 /* Debug */,
				1F9DF4F221596EB000A1EDC9 /* Release */,
			);
			defaultConfigurationIsVisible = 0;
			defaultConfigurationName = Release;
		};
		1F9DF4F321596EB000A1EDC9 /* Build configuration list for PBXNativeTarget "TinkoffChatUITests" */ = {
			isa = XCConfigurationList;
			buildConfigurations = (
				1F9DF4F421596EB000A1EDC9 /* Debug */,
				1F9DF4F521596EB000A1EDC9 /* Release */,
			);
			defaultConfigurationIsVisible = 0;
			defaultConfigurationName = Release;
		};
/* End XCConfigurationList section */
	};
	rootObject = 1F9DF4BD21596E8200A1EDC9 /* Project object */;
}
